
Microsoft Visual Studio Solution File, Format Version 12.00
# Visual Studio 15
VisualStudioVersion = 15.0.28307.1022
MinimumVisualStudioVersion = 10.0.40219.1
Project("{FAE04EC0-301F-11D3-BF4B-00C04F79EFBC}") = "ASP", "ASP\ASP.csproj", "{3AE6A8AC-0440-495D-90ED-7A6F3F7F6E5A}"
EndProject
Project("{FAE04EC0-301F-11D3-BF4B-00C04F79EFBC}") = "ExamModel1", "ExamModel1\ExamModel1.csproj", "{CDC3F2B0-85FB-484D-B6F4-23FE88C14F82}"
EndProject
Project("{FAE04EC0-301F-11D3-BF4B-00C04F79EFBC}") = "Test", "Test\Test.csproj", "{47A2CD53-6BF9-4D1B-AAB8-FDB87928375A}"
EndProject
Global
	GlobalSection(SolutionConfigurationPlatforms) = preSolution
		Debug|Any CPU = Debug|Any CPU
		Release|Any CPU = Release|Any CPU
	EndGlobalSection
	GlobalSection(ProjectConfigurationPlatforms) = postSolution
		{3AE6A8AC-0440-495D-90ED-7A6F3F7F6E5A}.Debug|Any CPU.ActiveCfg = Debug|Any CPU
		{3AE6A8AC-0440-495D-90ED-7A6F3F7F6E5A}.Debug|Any CPU.Build.0 = Debug|Any CPU
		{3AE6A8AC-0440-495D-90ED-7A6F3F7F6E5A}.Release|Any CPU.ActiveCfg = Release|Any CPU
		{3AE6A8AC-0440-495D-90ED-7A6F3F7F6E5A}.Release|Any CPU.Build.0 = Release|Any CPU
		{CDC3F2B0-85FB-484D-B6F4-23FE88C14F82}.Debug|Any CPU.ActiveCfg = Debug|Any CPU
		{CDC3F2B0-85FB-484D-B6F4-23FE88C14F82}.Debug|Any CPU.Build.0 = Debug|Any CPU
		{CDC3F2B0-85FB-484D-B6F4-23FE88C14F82}.Release|Any CPU.ActiveCfg = Release|Any CPU
		{CDC3F2B0-85FB-484D-B6F4-23FE88C14F82}.Release|Any CPU.Build.0 = Release|Any CPU
		{47A2CD53-6BF9-4D1B-AAB8-FDB87928375A}.Debug|Any CPU.ActiveCfg = Debug|Any CPU
		{47A2CD53-6BF9-4D1B-AAB8-FDB87928375A}.Debug|Any CPU.Build.0 = Debug|Any CPU
		{47A2CD53-6BF9-4D1B-AAB8-FDB87928375A}.Release|Any CPU.ActiveCfg = Release|Any CPU
		{47A2CD53-6BF9-4D1B-AAB8-FDB87928375A}.Release|Any CPU.Build.0 = Release|Any CPU
	EndGlobalSection
	GlobalSection(SolutionProperties) = preSolution
		HideSolutionNode = FALSE
	EndGlobalSection
	GlobalSection(ExtensibilityGlobals) = postSolution
		SolutionGuid = {5E191E59-1308-43A2-A119-B5BAC4F3C7D1}
	EndGlobalSection
EndGlobal
